
Microsoft Visual Studio Solution File, Format Version 11.00
# Visual Studio 2010
Project("{8BC9CEB8-8B4A-11D0-8D11-00A0C91BC942}") = "PluginNet", "PluginNet\NetBinder.vcxproj", "{B81B5AAC-BB3B-4DA8-AECE-2E729D039A3F}"
	ProjectSection(ProjectDependencies) = postProject
		{29295425-3373-40E2-A343-F6391CC95C26} = {29295425-3373-40E2-A343-F6391CC95C26}
	EndProjectSection
EndProject
Project("{8BC9CEB8-8B4A-11D0-8D11-00A0C91BC942}") = "Script", "Script\Script.vcxproj", "{29295425-3373-40E2-A343-F6391CC95C26}"
EndProject
Project("{8BC9CEB8-8B4A-11D0-8D11-00A0C91BC942}") = "Patcher", "..\Hacks\Patcher\Patcher.vcxproj", "{24895A5A-2C64-42D8-A10A-C3B0203F35FA}"
EndProject
Project("{FAE04EC0-301F-11D3-BF4B-00C04F79EFBC}") = "Launcher", "..\Hacks\Launcher\Launcher.csproj", "{99F897E5-8AEB-444B-8D9D-A0F289E33B4B}"
EndProject
Project("{8BC9CEB8-8B4A-11D0-8D11-00A0C91BC942}") = "Framework", "Framework\Framework.vcxproj", "{A58A27E3-5409-46B8-ADDD-15CC78DA47EB}"
EndProject
Project("{2150E333-8FDC-42A3-9474-1A3956D46DE8}") = "Server", "Server", "{E3301832-3704-48C3-88BC-80A3A9A8A2FB}"
EndProject
Project("{2150E333-8FDC-42A3-9474-1A3956D46DE8}") = "Client", "Client", "{C057778E-D6E8-4A9F-99A2-73DAF08E2862}"
EndProject
Project("{8BC9CEB8-8B4A-11D0-8D11-00A0C91BC942}") = "TimeServer", "TimeServer\TimeServer.vcxproj", "{21DB487D-8305-46D3-85B8-0EC0862BCFF8}"
	ProjectSection(ProjectDependencies) = postProject
		{A58A27E3-5409-46B8-ADDD-15CC78DA47EB} = {A58A27E3-5409-46B8-ADDD-15CC78DA47EB}
	EndProjectSection
EndProject
Project("{8BC9CEB8-8B4A-11D0-8D11-00A0C91BC942}") = "ProxyServer", "ProxyServer\ProxyServer.vcxproj", "{ABF0D6C4-DE0D-4AA6-A3EF-71D995169336}"
	ProjectSection(ProjectDependencies) = postProject
		{A58A27E3-5409-46B8-ADDD-15CC78DA47EB} = {A58A27E3-5409-46B8-ADDD-15CC78DA47EB}
	EndProjectSection
EndProject
Project("{8BC9CEB8-8B4A-11D0-8D11-00A0C91BC942}") = "GameServer", "WorldServer\WorldServer.vcxproj", "{453250EA-024C-41A3-9667-959EABB67480}"
	ProjectSection(ProjectDependencies) = postProject
		{29295425-3373-40E2-A343-F6391CC95C26} = {29295425-3373-40E2-A343-F6391CC95C26}
		{A58A27E3-5409-46B8-ADDD-15CC78DA47EB} = {A58A27E3-5409-46B8-ADDD-15CC78DA47EB}
	EndProjectSection
EndProject
Global
	GlobalSection(SolutionConfigurationPlatforms) = preSolution
		Debug|Mixed Platforms = Debug|Mixed Platforms
		Debug|Win32 = Debug|Win32
		Debug|x64 = Debug|x64
		Debug|x86 = Debug|x86
		Release|Mixed Platforms = Release|Mixed Platforms
		Release|Win32 = Release|Win32
		Release|x64 = Release|x64
		Release|x86 = Release|x86
	EndGlobalSection
	GlobalSection(ProjectConfigurationPlatforms) = postSolution
		{B81B5AAC-BB3B-4DA8-AECE-2E729D039A3F}.Debug|Mixed Platforms.ActiveCfg = Debug|x64
		{B81B5AAC-BB3B-4DA8-AECE-2E729D039A3F}.Debug|Mixed Platforms.Build.0 = Debug|x64
		{B81B5AAC-BB3B-4DA8-AECE-2E729D039A3F}.Debug|Win32.ActiveCfg = Debug|Win32
		{B81B5AAC-BB3B-4DA8-AECE-2E729D039A3F}.Debug|Win32.Build.0 = Debug|Win32
		{B81B5AAC-BB3B-4DA8-AECE-2E729D039A3F}.Debug|x64.ActiveCfg = Debug|x64
		{B81B5AAC-BB3B-4DA8-AECE-2E729D039A3F}.Debug|x64.Build.0 = Debug|x64
		{B81B5AAC-BB3B-4DA8-AECE-2E729D039A3F}.Debug|x86.ActiveCfg = Debug|Win32
		{B81B5AAC-BB3B-4DA8-AECE-2E729D039A3F}.Debug|x86.Build.0 = Debug|Win32
		{B81B5AAC-BB3B-4DA8-AECE-2E729D039A3F}.Release|Mixed Platforms.ActiveCfg = Release|x64
		{B81B5AAC-BB3B-4DA8-AECE-2E729D039A3F}.Release|Mixed Platforms.Build.0 = Release|x64
		{B81B5AAC-BB3B-4DA8-AECE-2E729D039A3F}.Release|Win32.ActiveCfg = Release|Win32
		{B81B5AAC-BB3B-4DA8-AECE-2E729D039A3F}.Release|Win32.Build.0 = Release|Win32
		{B81B5AAC-BB3B-4DA8-AECE-2E729D039A3F}.Release|x64.ActiveCfg = Release|x64
		{B81B5AAC-BB3B-4DA8-AECE-2E729D039A3F}.Release|x64.Build.0 = Release|x64
		{B81B5AAC-BB3B-4DA8-AECE-2E729D039A3F}.Release|x86.ActiveCfg = Release|Win32
		{B81B5AAC-BB3B-4DA8-AECE-2E729D039A3F}.Release|x86.Build.0 = Release|Win32
		{29295425-3373-40E2-A343-F6391CC95C26}.Debug|Mixed Platforms.ActiveCfg = Debug|x64
		{29295425-3373-40E2-A343-F6391CC95C26}.Debug|Mixed Platforms.Build.0 = Debug|x64
		{29295425-3373-40E2-A343-F6391CC95C26}.Debug|Win32.ActiveCfg = Debug|Win32
		{29295425-3373-40E2-A343-F6391CC95C26}.Debug|Win32.Build.0 = Debug|Win32
		{29295425-3373-40E2-A343-F6391CC95C26}.Debug|x64.ActiveCfg = Debug|x64
		{29295425-3373-40E2-A343-F6391CC95C26}.Debug|x64.Build.0 = Debug|x64
		{29295425-3373-40E2-A343-F6391CC95C26}.Debug|x86.ActiveCfg = Debug|Win32
		{29295425-3373-40E2-A343-F6391CC95C26}.Debug|x86.Build.0 = Debug|Win32
		{29295425-3373-40E2-A343-F6391CC95C26}.Release|Mixed Platforms.ActiveCfg = Release|x64
		{29295425-3373-40E2-A343-F6391CC95C26}.Release|Mixed Platforms.Build.0 = Release|x64
		{29295425-3373-40E2-A343-F6391CC95C26}.Release|Win32.ActiveCfg = Release|Win32
		{29295425-3373-40E2-A343-F6391CC95C26}.Release|Win32.Build.0 = Release|Win32
		{29295425-3373-40E2-A343-F6391CC95C26}.Release|x64.ActiveCfg = Release|x64
		{29295425-3373-40E2-A343-F6391CC95C26}.Release|x64.Build.0 = Release|x64
		{29295425-3373-40E2-A343-F6391CC95C26}.Release|x86.ActiveCfg = Release|Win32
		{29295425-3373-40E2-A343-F6391CC95C26}.Release|x86.Build.0 = Release|Win32
		{24895A5A-2C64-42D8-A10A-C3B0203F35FA}.Debug|Mixed Platforms.ActiveCfg = Debug|Win32
		{24895A5A-2C64-42D8-A10A-C3B0203F35FA}.Debug|Mixed Platforms.Build.0 = Debug|Win32
		{24895A5A-2C64-42D8-A10A-C3B0203F35FA}.Debug|Win32.ActiveCfg = Debug|Win32
		{24895A5A-2C64-42D8-A10A-C3B0203F35FA}.Debug|Win32.Build.0 = Debug|Win32
		{24895A5A-2C64-42D8-A10A-C3B0203F35FA}.Debug|x64.ActiveCfg = Debug|Win32
		{24895A5A-2C64-42D8-A10A-C3B0203F35FA}.Debug|x86.ActiveCfg = Debug|Win32
		{24895A5A-2C64-42D8-A10A-C3B0203F35FA}.Debug|x86.Build.0 = Debug|Win32
		{24895A5A-2C64-42D8-A10A-C3B0203F35FA}.Release|Mixed Platforms.ActiveCfg = Release|Win32
		{24895A5A-2C64-42D8-A10A-C3B0203F35FA}.Release|Mixed Platforms.Build.0 = Release|Win32
		{24895A5A-2C64-42D8-A10A-C3B0203F35FA}.Release|Win32.ActiveCfg = Release|Win32
		{24895A5A-2C64-42D8-A10A-C3B0203F35FA}.Release|Win32.Build.0 = Release|Win32
		{24895A5A-2C64-42D8-A10A-C3B0203F35FA}.Release|x64.ActiveCfg = Release|Win32
		{24895A5A-2C64-42D8-A10A-C3B0203F35FA}.Release|x86.ActiveCfg = Release|Win32
		{24895A5A-2C64-42D8-A10A-C3B0203F35FA}.Release|x86.Build.0 = Release|Win32
		{99F897E5-8AEB-444B-8D9D-A0F289E33B4B}.Debug|Mixed Platforms.ActiveCfg = Debug|x86
		{99F897E5-8AEB-444B-8D9D-A0F289E33B4B}.Debug|Mixed Platforms.Build.0 = Debug|x86
		{99F897E5-8AEB-444B-8D9D-A0F289E33B4B}.Debug|Win32.ActiveCfg = Debug|x86
		{99F897E5-8AEB-444B-8D9D-A0F289E33B4B}.Debug|x64.ActiveCfg = Debug|x86
		{99F897E5-8AEB-444B-8D9D-A0F289E33B4B}.Debug|x86.ActiveCfg = Debug|x86
		{99F897E5-8AEB-444B-8D9D-A0F289E33B4B}.Debug|x86.Build.0 = Debug|x86
		{99F897E5-8AEB-444B-8D9D-A0F289E33B4B}.Release|Mixed Platforms.ActiveCfg = Release|x86
		{99F897E5-8AEB-444B-8D9D-A0F289E33B4B}.Release|Mixed Platforms.Build.0 = Release|x86
		{99F897E5-8AEB-444B-8D9D-A0F289E33B4B}.Release|Win32.ActiveCfg = Release|x86
		{99F897E5-8AEB-444B-8D9D-A0F289E33B4B}.Release|x64.ActiveCfg = Release|x86
		{99F897E5-8AEB-444B-8D9D-A0F289E33B4B}.Release|x86.ActiveCfg = Release|x86
		{99F897E5-8AEB-444B-8D9D-A0F289E33B4B}.Release|x86.Build.0 = Release|x86
		{A58A27E3-5409-46B8-ADDD-15CC78DA47EB}.Debug|Mixed Platforms.ActiveCfg = Debug|x64
		{A58A27E3-5409-46B8-ADDD-15CC78DA47EB}.Debug|Mixed Platforms.Build.0 = Debug|x64
		{A58A27E3-5409-46B8-ADDD-15CC78DA47EB}.Debug|Win32.ActiveCfg = Debug|Win32
		{A58A27E3-5409-46B8-ADDD-15CC78DA47EB}.Debug|Win32.Build.0 = Debug|Win32
		{A58A27E3-5409-46B8-ADDD-15CC78DA47EB}.Debug|x64.ActiveCfg = Debug|x64
		{A58A27E3-5409-46B8-ADDD-15CC78DA47EB}.Debug|x64.Build.0 = Debug|x64
		{A58A27E3-5409-46B8-ADDD-15CC78DA47EB}.Debug|x86.ActiveCfg = Debug|Win32
		{A58A27E3-5409-46B8-ADDD-15CC78DA47EB}.Release|Mixed Platforms.ActiveCfg = Release|x64
		{A58A27E3-5409-46B8-ADDD-15CC78DA47EB}.Release|Mixed Platforms.Build.0 = Release|x64
		{A58A27E3-5409-46B8-ADDD-15CC78DA47EB}.Release|Win32.ActiveCfg = Release|Win32
		{A58A27E3-5409-46B8-ADDD-15CC78DA47EB}.Release|Win32.Build.0 = Release|Win32
		{A58A27E3-5409-46B8-ADDD-15CC78DA47EB}.Release|x64.ActiveCfg = Release|x64
		{A58A27E3-5409-46B8-ADDD-15CC78DA47EB}.Release|x64.Build.0 = Release|x64
		{A58A27E3-5409-46B8-ADDD-15CC78DA47EB}.Release|x86.ActiveCfg = Release|Win32
		{21DB487D-8305-46D3-85B8-0EC0862BCFF8}.Debug|Mixed Platforms.ActiveCfg = Debug|x64
		{21DB487D-8305-46D3-85B8-0EC0862BCFF8}.Debug|Mixed Platforms.Build.0 = Debug|x64
		{21DB487D-8305-46D3-85B8-0EC0862BCFF8}.Debug|Win32.ActiveCfg = Debug|Win32
		{21DB487D-8305-46D3-85B8-0EC0862BCFF8}.Debug|Win32.Build.0 = Debug|Win32
		{21DB487D-8305-46D3-85B8-0EC0862BCFF8}.Debug|x64.ActiveCfg = Debug|x64
		{21DB487D-8305-46D3-85B8-0EC0862BCFF8}.Debug|x64.Build.0 = Debug|x64
		{21DB487D-8305-46D3-85B8-0EC0862BCFF8}.Debug|x86.ActiveCfg = Debug|Win32
		{21DB487D-8305-46D3-85B8-0EC0862BCFF8}.Release|Mixed Platforms.ActiveCfg = Release|x64
		{21DB487D-8305-46D3-85B8-0EC0862BCFF8}.Release|Mixed Platforms.Build.0 = Release|x64
		{21DB487D-8305-46D3-85B8-0EC0862BCFF8}.Release|Win32.ActiveCfg = Release|Win32
		{21DB487D-8305-46D3-85B8-0EC0862BCFF8}.Release|Win32.Build.0 = Release|Win32
		{21DB487D-8305-46D3-85B8-0EC0862BCFF8}.Release|x64.ActiveCfg = Release|x64
		{21DB487D-8305-46D3-85B8-0EC0862BCFF8}.Release|x64.Build.0 = Release|x64
		{21DB487D-8305-46D3-85B8-0EC0862BCFF8}.Release|x86.ActiveCfg = Release|Win32
		{ABF0D6C4-DE0D-4AA6-A3EF-71D995169336}.Debug|Mixed Platforms.ActiveCfg = Debug|x64
		{ABF0D6C4-DE0D-4AA6-A3EF-71D995169336}.Debug|Mixed Platforms.Build.0 = Debug|x64
		{ABF0D6C4-DE0D-4AA6-A3EF-71D995169336}.Debug|Win32.ActiveCfg = Debug|Win32
		{ABF0D6C4-DE0D-4AA6-A3EF-71D995169336}.Debug|Win32.Build.0 = Debug|Win32
		{ABF0D6C4-DE0D-4AA6-A3EF-71D995169336}.Debug|x64.ActiveCfg = Debug|x64
		{ABF0D6C4-DE0D-4AA6-A3EF-71D995169336}.Debug|x64.Build.0 = Debug|x64
		{ABF0D6C4-DE0D-4AA6-A3EF-71D995169336}.Debug|x86.ActiveCfg = Debug|x64
		{ABF0D6C4-DE0D-4AA6-A3EF-71D995169336}.Release|Mixed Platforms.ActiveCfg = Release|x64
		{ABF0D6C4-DE0D-4AA6-A3EF-71D995169336}.Release|Mixed Platforms.Build.0 = Release|x64
		{ABF0D6C4-DE0D-4AA6-A3EF-71D995169336}.Release|Win32.ActiveCfg = Release|Win32
		{ABF0D6C4-DE0D-4AA6-A3EF-71D995169336}.Release|Win32.Build.0 = Release|Win32
		{ABF0D6C4-DE0D-4AA6-A3EF-71D995169336}.Release|x64.ActiveCfg = Release|x64
		{ABF0D6C4-DE0D-4AA6-A3EF-71D995169336}.Release|x64.Build.0 = Release|x64
		{ABF0D6C4-DE0D-4AA6-A3EF-71D995169336}.Release|x86.ActiveCfg = Release|x64
		{453250EA-024C-41A3-9667-959EABB67480}.Debug|Mixed Platforms.ActiveCfg = Debug|x64
		{453250EA-024C-41A3-9667-959EABB67480}.Debug|Mixed Platforms.Build.0 = Debug|x64
		{453250EA-024C-41A3-9667-959EABB67480}.Debug|Win32.ActiveCfg = Debug|Win32
		{453250EA-024C-41A3-9667-959EABB67480}.Debug|Win32.Build.0 = Debug|Win32
		{453250EA-024C-41A3-9667-959EABB67480}.Debug|x64.ActiveCfg = Debug|x64
		{453250EA-024C-41A3-9667-959EABB67480}.Debug|x64.Build.0 = Debug|x64
		{453250EA-024C-41A3-9667-959EABB67480}.Debug|x86.ActiveCfg = Debug|x64
		{453250EA-024C-41A3-9667-959EABB67480}.Release|Mixed Platforms.ActiveCfg = Release|x64
		{453250EA-024C-41A3-9667-959EABB67480}.Release|Mixed Platforms.Build.0 = Release|x64
		{453250EA-024C-41A3-9667-959EABB67480}.Release|Win32.ActiveCfg = Release|Win32
		{453250EA-024C-41A3-9667-959EABB67480}.Release|Win32.Build.0 = Release|Win32
		{453250EA-024C-41A3-9667-959EABB67480}.Release|x64.ActiveCfg = Release|x64
		{453250EA-024C-41A3-9667-959EABB67480}.Release|x64.Build.0 = Release|x64
		{453250EA-024C-41A3-9667-959EABB67480}.Release|x86.ActiveCfg = Release|x64
	EndGlobalSection
	GlobalSection(SolutionProperties) = preSolution
		HideSolutionNode = FALSE
	EndGlobalSection
	GlobalSection(NestedProjects) = preSolution
		{29295425-3373-40E2-A343-F6391CC95C26} = {E3301832-3704-48C3-88BC-80A3A9A8A2FB}
		{A58A27E3-5409-46B8-ADDD-15CC78DA47EB} = {E3301832-3704-48C3-88BC-80A3A9A8A2FB}
		{B81B5AAC-BB3B-4DA8-AECE-2E729D039A3F} = {E3301832-3704-48C3-88BC-80A3A9A8A2FB}
		{21DB487D-8305-46D3-85B8-0EC0862BCFF8} = {E3301832-3704-48C3-88BC-80A3A9A8A2FB}
		{ABF0D6C4-DE0D-4AA6-A3EF-71D995169336} = {E3301832-3704-48C3-88BC-80A3A9A8A2FB}
		{453250EA-024C-41A3-9667-959EABB67480} = {E3301832-3704-48C3-88BC-80A3A9A8A2FB}
		{99F897E5-8AEB-444B-8D9D-A0F289E33B4B} = {C057778E-D6E8-4A9F-99A2-73DAF08E2862}
		{24895A5A-2C64-42D8-A10A-C3B0203F35FA} = {C057778E-D6E8-4A9F-99A2-73DAF08E2862}
	EndGlobalSection
EndGlobal
